// !$*UTF8*$!
{
	archiveVersion = 1;
	classes = {
	};
	objectVersion = 46;
	objects = {

/* Begin PBXBuildFile section */
		EC4331DD1E1E6A270085FD71 /* XCTest.framework in Frameworks */ = {isa = PBXBuildFile; fileRef = EC4331DC1E1E6A270085FD71 /* XCTest.framework */; };
		EC4331DE1E1E6AA50085FD71 /* TCValidationDemoTests.m in Sources */ = {isa = PBXBuildFile; fileRef = ECBEEE881E1E690000B7DBA0 /* TCValidationDemoTests.m */; };
		ECBEEE891E1E690000B7DBA0 /* AppDelegate.m in Sources */ = {isa = PBXBuildFile; fileRef = ECBEEE7A1E1E690000B7DBA0 /* AppDelegate.m */; };
		ECBEEE8A1E1E690000B7DBA0 /* Assets.xcassets in Resources */ = {isa = PBXBuildFile; fileRef = ECBEEE7B1E1E690000B7DBA0 /* Assets.xcassets */; };
		ECBEEE8B1E1E690000B7DBA0 /* LaunchScreen.storyboard in Resources */ = {isa = PBXBuildFile; fileRef = ECBEEE7C1E1E690000B7DBA0 /* LaunchScreen.storyboard */; };
		ECBEEE8C1E1E690000B7DBA0 /* Main.storyboard in Resources */ = {isa = PBXBuildFile; fileRef = ECBEEE7E1E1E690000B7DBA0 /* Main.storyboard */; };
		ECBEEE8E1E1E690000B7DBA0 /* main.m in Sources */ = {isa = PBXBuildFile; fileRef = ECBEEE811E1E690000B7DBA0 /* main.m */; };
		ECBEEE901E1E690000B7DBA0 /* ViewController.m in Sources */ = {isa = PBXBuildFile; fileRef = ECBEEE851E1E690000B7DBA0 /* ViewController.m */; };
		ECBEEE911E1E690000B7DBA0 /* Info.plist in Resources */ = {isa = PBXBuildFile; fileRef = ECBEEE871E1E690000B7DBA0 /* Info.plist */; };
		ECFF615C1E1E6CC9001F0ADB /* NSString+TCValidation.m in Sources */ = {isa = PBXBuildFile; fileRef = ECFF615B1E1E6CC9001F0ADB /* NSString+TCValidation.m */; };
/* End PBXBuildFile section */

/* Begin PBXContainerItemProxy section */
		ECBEEE671E1E5C8100B7DBA0 /* PBXContainerItemProxy */ = {
			isa = PBXContainerItemProxy;
			containerPortal = ECBEEE451E1E5C8100B7DBA0 /* Project object */;
			proxyType = 1;
			remoteGlobalIDString = ECBEEE4C1E1E5C8100B7DBA0;
			remoteInfo = TCValidation;
		};
/* End PBXContainerItemProxy section */

/* Begin PBXFileReference section */
		EC4331DC1E1E6A270085FD71 /* XCTest.framework */ = {isa = PBXFileReference; lastKnownFileType = wrapper.framework; name = XCTest.framework; path = Platforms/iPhoneOS.platform/Developer/Library/Frameworks/XCTest.framework; sourceTree = DEVELOPER_DIR; };
		ECBEEE4D1E1E5C8100B7DBA0 /* TCValidationDemo.app */ = {isa = PBXFileReference; explicitFileType = wrapper.application; includeInIndex = 0; path = TCValidationDemo.app; sourceTree = BUILT_PRODUCTS_DIR; };
		ECBEEE661E1E5C8100B7DBA0 /* TCValidationDemo.xctest */ = {isa = PBXFileReference; explicitFileType = wrapper.cfbundle; includeInIndex = 0; path = TCValidationDemo.xctest; sourceTree = BUILT_PRODUCTS_DIR; };
		ECBEEE791E1E690000B7DBA0 /* AppDelegate.h */ = {isa = PBXFileReference; fileEncoding = 4; lastKnownFileType = sourcecode.c.h; path = AppDelegate.h; sourceTree = "<group>"; };
		ECBEEE7A1E1E690000B7DBA0 /* AppDelegate.m */ = {isa = PBXFileReference; fileEncoding = 4; lastKnownFileType = sourcecode.c.objc; path = AppDelegate.m; sourceTree = "<group>"; };
		ECBEEE7B1E1E690000B7DBA0 /* Assets.xcassets */ = {isa = PBXFileReference; lastKnownFileType = folder.assetcatalog; path = Assets.xcassets; sourceTree = "<group>"; };
		ECBEEE7D1E1E690000B7DBA0 /* Base */ = {isa = PBXFileReference; lastKnownFileType = file.storyboard; name = Base; path = Base.lproj/LaunchScreen.storyboard; sourceTree = "<group>"; };
		ECBEEE7F1E1E690000B7DBA0 /* Base */ = {isa = PBXFileReference; lastKnownFileType = file.storyboard; name = Base; path = Base.lproj/Main.storyboard; sourceTree = "<group>"; };
		ECBEEE801E1E690000B7DBA0 /* Info.plist */ = {isa = PBXFileReference; fileEncoding = 4; lastKnownFileType = text.plist.xml; path = Info.plist; sourceTree = "<group>"; };
		ECBEEE811E1E690000B7DBA0 /* main.m */ = {isa = PBXFileReference; fileEncoding = 4; lastKnownFileType = sourcecode.c.objc; path = main.m; sourceTree = "<group>"; };
		ECBEEE841E1E690000B7DBA0 /* ViewController.h */ = {isa = PBXFileReference; fileEncoding = 4; lastKnownFileType = sourcecode.c.h; path = ViewController.h; sourceTree = "<group>"; };
		ECBEEE851E1E690000B7DBA0 /* ViewController.m */ = {isa = PBXFileReference; fileEncoding = 4; lastKnownFileType = sourcecode.c.objc; path = ViewController.m; sourceTree = "<group>"; };
		ECBEEE871E1E690000B7DBA0 /* Info.plist */ = {isa = PBXFileReference; fileEncoding = 4; lastKnownFileType = text.plist.xml; path = Info.plist; sourceTree = "<group>"; };
		ECBEEE881E1E690000B7DBA0 /* TCValidationDemoTests.m */ = {isa = PBXFileReference; fileEncoding = 4; lastKnownFileType = sourcecode.c.objc; path = TCValidationDemoTests.m; sourceTree = "<group>"; };
		ECFF615A1E1E6CC9001F0ADB /* NSString+TCValidation.h */ = {isa = PBXFileReference; fileEncoding = 4; lastKnownFileType = sourcecode.c.h; path = "NSString+TCValidation.h"; sourceTree = "<group>"; };
		ECFF615B1E1E6CC9001F0ADB /* NSString+TCValidation.m */ = {isa = PBXFileReference; fileEncoding = 4; lastKnownFileType = sourcecode.c.objc; path = "NSString+TCValidation.m"; sourceTree = "<group>"; };
/* End PBXFileReference section */

/* Begin PBXFrameworksBuildPhase section */
		ECBEEE4A1E1E5C8100B7DBA0 /* Frameworks */ = {
			isa = PBXFrameworksBuildPhase;
			buildActionMask = 2147483647;
			files = (
			);
			runOnlyForDeploymentPostprocessing = 0;
		};
		ECBEEE631E1E5C8100B7DBA0 /* Frameworks */ = {
			isa = PBXFrameworksBuildPhase;
			buildActionMask = 2147483647;
			files = (
				EC4331DD1E1E6A270085FD71 /* XCTest.framework in Frameworks */,
			);
			runOnlyForDeploymentPostprocessing = 0;
		};
/* End PBXFrameworksBuildPhase section */

/* Begin PBXGroup section */
		EC4331DB1E1E6A270085FD71 /* Frameworks */ = {
			isa = PBXGroup;
			children = (
				EC4331DC1E1E6A270085FD71 /* XCTest.framework */,
			);
			name = Frameworks;
			sourceTree = "<group>";
		};
		ECBEEE441E1E5C8100B7DBA0 = {
			isa = PBXGroup;
			children = (
				ECFF61591E1E6CC9001F0ADB /* TCValidation */,
				ECBEEE781E1E690000B7DBA0 /* TCValidationDemo */,
				ECBEEE861E1E690000B7DBA0 /* TCValidationDemoTests */,
				ECBEEE4E1E1E5C8100B7DBA0 /* Products */,
				EC4331DB1E1E6A270085FD71 /* Frameworks */,
			);
			sourceTree = "<group>";
		};
		ECBEEE4E1E1E5C8100B7DBA0 /* Products */ = {
			isa = PBXGroup;
			children = (
				ECBEEE4D1E1E5C8100B7DBA0 /* TCValidationDemo.app */,
				ECBEEE661E1E5C8100B7DBA0 /* TCValidationDemo.xctest */,
			);
			name = Products;
			sourceTree = "<group>";
		};
		ECBEEE781E1E690000B7DBA0 /* TCValidationDemo */ = {
			isa = PBXGroup;
			children = (
				ECBEEE791E1E690000B7DBA0 /* AppDelegate.h */,
				ECBEEE7A1E1E690000B7DBA0 /* AppDelegate.m */,
				ECBEEE7B1E1E690000B7DBA0 /* Assets.xcassets */,
				ECBEEE7C1E1E690000B7DBA0 /* LaunchScreen.storyboard */,
				ECBEEE7E1E1E690000B7DBA0 /* Main.storyboard */,
				ECBEEE801E1E690000B7DBA0 /* Info.plist */,
				ECBEEE811E1E690000B7DBA0 /* main.m */,
				ECBEEE841E1E690000B7DBA0 /* ViewController.h */,
				ECBEEE851E1E690000B7DBA0 /* ViewController.m */,
			);
			path = TCValidationDemo;
			sourceTree = "<group>";
		};
		ECBEEE861E1E690000B7DBA0 /* TCValidationDemoTests */ = {
			isa = PBXGroup;
			children = (
				ECBEEE871E1E690000B7DBA0 /* Info.plist */,
				ECBEEE881E1E690000B7DBA0 /* TCValidationDemoTests.m */,
			);
			path = TCValidationDemoTests;
			sourceTree = "<group>";
		};
		ECFF61591E1E6CC9001F0ADB /* TCValidation */ = {
			isa = PBXGroup;
			children = (
				ECFF615A1E1E6CC9001F0ADB /* NSString+TCValidation.h */,
				ECFF615B1E1E6CC9001F0ADB /* NSString+TCValidation.m */,
			);
			path = TCValidation;
			sourceTree = "<group>";
		};
/* End PBXGroup section */

/* Begin PBXNativeTarget section */
		ECBEEE4C1E1E5C8100B7DBA0 /* TCValidationDemo */ = {
			isa = PBXNativeTarget;
			buildConfigurationList = ECBEEE6F1E1E5C8100B7DBA0 /* Build configuration list for PBXNativeTarget "TCValidationDemo" */;
			buildPhases = (
				ECBEEE491E1E5C8100B7DBA0 /* Sources */,
				ECBEEE4A1E1E5C8100B7DBA0 /* Frameworks */,
				ECBEEE4B1E1E5C8100B7DBA0 /* Resources */,
			);
			buildRules = (
			);
			dependencies = (
			);
			name = TCValidationDemo;
			productName = TCValidation;
			productReference = ECBEEE4D1E1E5C8100B7DBA0 /* TCValidationDemo.app */;
			productType = "com.apple.product-type.application";
		};
		ECBEEE651E1E5C8100B7DBA0 /* TCValidationDemoTests */ = {
			isa = PBXNativeTarget;
			buildConfigurationList = ECBEEE721E1E5C8100B7DBA0 /* Build configuration list for PBXNativeTarget "TCValidationDemoTests" */;
			buildPhases = (
				ECBEEE621E1E5C8100B7DBA0 /* Sources */,
				ECBEEE631E1E5C8100B7DBA0 /* Frameworks */,
				ECBEEE641E1E5C8100B7DBA0 /* Resources */,
			);
			buildRules = (
			);
			dependencies = (
				ECBEEE681E1E5C8100B7DBA0 /* PBXTargetDependency */,
			);
			name = TCValidationDemoTests;
			productName = TCValidationTests;
			productReference = ECBEEE661E1E5C8100B7DBA0 /* TCValidationDemo.xctest */;
			productType = "com.apple.product-type.bundle.unit-test";
		};
/* End PBXNativeTarget section */

/* Begin PBXProject section */
		ECBEEE451E1E5C8100B7DBA0 /* Project object */ = {
			isa = PBXProject;
			attributes = {
				LastUpgradeCheck = 0810;
				ORGANIZATIONNAME = "Ismail Gulek";
				TargetAttributes = {
					ECBEEE4C1E1E5C8100B7DBA0 = {
						CreatedOnToolsVersion = 7.3.1;
					};
					ECBEEE651E1E5C8100B7DBA0 = {
						CreatedOnToolsVersion = 7.3.1;
						TestTargetID = ECBEEE4C1E1E5C8100B7DBA0;
					};
				};
			};
			buildConfigurationList = ECBEEE481E1E5C8100B7DBA0 /* Build configuration list for PBXProject "TCValidationDemo" */;
			compatibilityVersion = "Xcode 3.2";
			developmentRegion = English;
			hasScannedForEncodings = 0;
			knownRegions = (
				en,
				Base,
			);
			mainGroup = ECBEEE441E1E5C8100B7DBA0;
			productRefGroup = ECBEEE4E1E1E5C8100B7DBA0 /* Products */;
			projectDirPath = "";
			projectRoot = "";
			targets = (
				ECBEEE4C1E1E5C8100B7DBA0 /* TCValidationDemo */,
				ECBEEE651E1E5C8100B7DBA0 /* TCValidationDemoTests */,
			);
		};
/* End PBXProject section */

/* Begin PBXResourcesBuildPhase section */
		ECBEEE4B1E1E5C8100B7DBA0 /* Resources */ = {
			isa = PBXResourcesBuildPhase;
			buildActionMask = 2147483647;
			files = (
				ECBEEE8C1E1E690000B7DBA0 /* Main.storyboard in Resources */,
				ECBEEE8A1E1E690000B7DBA0 /* Assets.xcassets in Resources */,
				ECBEEE911E1E690000B7DBA0 /* Info.plist in Resources */,
				ECBEEE8B1E1E690000B7DBA0 /* LaunchScreen.storyboard in Resources */,
			);
			runOnlyForDeploymentPostprocessing = 0;
		};
		ECBEEE641E1E5C8100B7DBA0 /* Resources */ = {
			isa = PBXResourcesBuildPhase;
			buildActionMask = 2147483647;
			files = (
			);
			runOnlyForDeploymentPostprocessing = 0;
		};
/* End PBXResourcesBuildPhase section */

/* Begin PBXSourcesBuildPhase section */
		ECBEEE491E1E5C8100B7DBA0 /* Sources */ = {
			isa = PBXSourcesBuildPhase;
			buildActionMask = 2147483647;
			files = (
				ECBEEE8E1E1E690000B7DBA0 /* main.m in Sources */,
				ECBEEE891E1E690000B7DBA0 /* AppDelegate.m in Sources */,
				ECBEEE901E1E690000B7DBA0 /* ViewController.m in Sources */,
				ECFF615C1E1E6CC9001F0ADB /* NSString+TCValidation.m in Sources */,
			);
			runOnlyForDeploymentPostprocessing = 0;
		};
		ECBEEE621E1E5C8100B7DBA0 /* Sources */ = {
			isa = PBXSourcesBuildPhase;
			buildActionMask = 2147483647;
			files = (
				EC4331DE1E1E6AA50085FD71 /* TCValidationDemoTests.m in Sources */,
			);
			runOnlyForDeploymentPostprocessing = 0;
		};
/* End PBXSourcesBuildPhase section */

/* Begin PBXTargetDependency section */
		ECBEEE681E1E5C8100B7DBA0 /* PBXTargetDependency */ = {
			isa = PBXTargetDependency;
			target = ECBEEE4C1E1E5C8100B7DBA0 /* TCValidationDemo */;
			targetProxy = ECBEEE671E1E5C8100B7DBA0 /* PBXContainerItemProxy */;
		};
/* End PBXTargetDependency section */

/* Begin PBXVariantGroup section */
		ECBEEE7C1E1E690000B7DBA0 /* LaunchScreen.storyboard */ = {
			isa = PBXVariantGroup;
			children = (
				ECBEEE7D1E1E690000B7DBA0 /* Base */,
			);
			name = LaunchScreen.storyboard;
			sourceTree = "<group>";
		};
		ECBEEE7E1E1E690000B7DBA0 /* Main.storyboard */ = {
			isa = PBXVariantGroup;
			children = (
				ECBEEE7F1E1E690000B7DBA0 /* Base */,
			);
			name = Main.storyboard;
			sourceTree = "<group>";
		};
/* End PBXVariantGroup section */

/* Begin XCBuildConfiguration section */
		ECBEEE6D1E1E5C8100B7DBA0 /* Debug */ = {
			isa = XCBuildConfiguration;
			buildSettings = {
				ALWAYS_SEARCH_USER_PATHS = NO;
				CLANG_ANALYZER_NONNULL = YES;
				CLANG_CXX_LANGUAGE_STANDARD = "gnu++0x";
				CLANG_CXX_LIBRARY = "libc++";
				CLANG_ENABLE_MODULES = YES;
				CLANG_ENABLE_OBJC_ARC = YES;
				CLANG_WARN_BOOL_CONVERSION = YES;
				CLANG_WARN_CONSTANT_CONVERSION = YES;
				CLANG_WARN_DIRECT_OBJC_ISA_USAGE = YES_ERROR;
				CLANG_WARN_EMPTY_BODY = YES;
				CLANG_WARN_ENUM_CONVERSION = YES;
				CLANG_WARN_INFINITE_RECURSION = YES;
				CLANG_WARN_INT_CONVERSION = YES;
				CLANG_WARN_OBJC_ROOT_CLASS = YES_ERROR;
				CLANG_WARN_SUSPICIOUS_MOVE = YES;
				CLANG_WARN_UNREACHABLE_CODE = YES;
				CLANG_WARN__DUPLICATE_METHOD_MATCH = YES;
				"CODE_SIGN_IDENTITY[sdk=iphoneos*]" = "iPhone Developer";
				COPY_PHASE_STRIP = NO;
				DEBUG_INFORMATION_FORMAT = dwarf;
				ENABLE_STRICT_OBJC_MSGSEND = YES;
				ENABLE_TESTABILITY = YES;
				GCC_C_LANGUAGE_STANDARD = gnu99;
				GCC_DYNAMIC_NO_PIC = NO;
				GCC_NO_COMMON_BLOCKS = YES;
				GCC_OPTIMIZATION_LEVEL = 0;
				GCC_PREPROCESSOR_DEFINITIONS = (
					"DEBUG=1",
					"$(inherited)",
				);
				GCC_WARN_64_TO_32_BIT_CONVERSION = YES;
				GCC_WARN_ABOUT_RETURN_TYPE = YES_ERROR;
				GCC_WARN_UNDECLARED_SELECTOR = YES;
				GCC_WARN_UNINITIALIZED_AUTOS = YES_AGGRESSIVE;
				GCC_WARN_UNUSED_FUNCTION = YES;
				GCC_WARN_UNUSED_VARIABLE = YES;
				IPHONEOS_DEPLOYMENT_TARGET = 9.3;
				MTL_ENABLE_DEBUG_INFO = YES;
				ONLY_ACTIVE_ARCH = YES;
				SDKROOT = iphoneos;
				TARGETED_DEVICE_FAMILY = "1,2";
			};
			name = Debug;
		};
		ECBEEE6E1E1E5C8100B7DBA0 /* Release */ = {
			isa = XCBuildConfiguration;
			buildSettings = {
				ALWAYS_SEARCH_USER_PATHS = NO;
				CLANG_ANALYZER_NONNULL = YES;
				CLANG_CXX_LANGUAGE_STANDARD = "gnu++0x";
				CLANG_CXX_LIBRARY = "libc++";
				CLANG_ENABLE_MODULES = YES;
				CLANG_ENABLE_OBJC_ARC = YES;
				CLANG_WARN_BOOL_CONVERSION = YES;
				CLANG_WARN_CONSTANT_CONVERSION = YES;
				CLANG_WARN_DIRECT_OBJC_ISA_USAGE = YES_ERROR;
				CLANG_WARN_EMPTY_BODY = YES;
				CLANG_WARN_ENUM_CONVERSION = YES;
				CLANG_WARN_INFINITE_RECURSION = YES;
				CLANG_WARN_INT_CONVERSION = YES;
				CLANG_WARN_OBJC_ROOT_CLASS = YES_ERROR;
				CLANG_WARN_SUSPICIOUS_MOVE = YES;
				CLANG_WARN_UNREACHABLE_CODE = YES;
				CLANG_WARN__DUPLICATE_METHOD_MATCH = YES;
				"CODE_SIGN_IDENTITY[sdk=iphoneos*]" = "iPhone Developer";
				COPY_PHASE_STRIP = NO;
				DEBUG_INFORMATION_FORMAT = "dwarf-with-dsym";
				ENABLE_NS_ASSERTIONS = NO;
				ENABLE_STRICT_OBJC_MSGSEND = YES;
				GCC_C_LANGUAGE_STANDARD = gnu99;
				GCC_NO_COMMON_BLOCKS = YES;
				GCC_WARN_64_TO_32_BIT_CONVERSION = YES;
				GCC_WARN_ABOUT_RETURN_TYPE = YES_ERROR;
				GCC_WARN_UNDECLARED_SELECTOR = YES;
				GCC_WARN_UNINITIALIZED_AUTOS = YES_AGGRESSIVE;
				GCC_WARN_UNUSED_FUNCTION = YES;
				GCC_WARN_UNUSED_VARIABLE = YES;
				IPHONEOS_DEPLOYMENT_TARGET = 9.3;
				MTL_ENABLE_DEBUG_INFO = NO;
				SDKROOT = iphoneos;
				TARGETED_DEVICE_FAMILY = "1,2";
				VALIDATE_PRODUCT = YES;
			};
			name = Release;
		};
		ECBEEE701E1E5C8100B7DBA0 /* Debug */ = {
			isa = XCBuildConfiguration;
			buildSettings = {
				ASSETCATALOG_COMPILER_APPICON_NAME = AppIcon;
				INFOPLIST_FILE = TCValidationDemo/Info.plist;
				LD_RUNPATH_SEARCH_PATHS = "$(inherited) @executable_path/Frameworks";
				PRODUCT_BUNDLE_IDENTIFIER = com.gulek.tcvalidation;
				PRODUCT_NAME = TCValidationDemo;
			};
			name = Debug;
		};
		ECBEEE711E1E5C8100B7DBA0 /* Release */ = {
			isa = XCBuildConfiguration;
			buildSettings = {
				ASSETCATALOG_COMPILER_APPICON_NAME = AppIcon;
				INFOPLIST_FILE = TCValidationDemo/Info.plist;
				LD_RUNPATH_SEARCH_PATHS = "$(inherited) @executable_path/Frameworks";
				PRODUCT_BUNDLE_IDENTIFIER = com.gulek.tcvalidation;
				PRODUCT_NAME = TCValidationDemo;
			};
			name = Release;
		};
		ECBEEE731E1E5C8100B7DBA0 /* Debug */ = {
			isa = XCBuildConfiguration;
			buildSettings = {
				BUNDLE_LOADER = "$(TEST_HOST)";
				INFOPLIST_FILE = TCValidationDemoTests/Info.plist;
				LD_RUNPATH_SEARCH_PATHS = "$(inherited) @executable_path/Frameworks @loader_path/Frameworks";
				PRODUCT_BUNDLE_IDENTIFIER = com.gulek.tcvalidation.TCValidationDemoTests;
				PRODUCT_NAME = TCValidationDemo;
				TEST_HOST = "$(BUILT_PRODUCTS_DIR)/TCValidationDemo.app/TCValidationDemo";
			};
			name = Debug;
		};
		ECBEEE741E1E5C8100B7DBA0 /* Release */ = {
			isa = XCBuildConfiguration;
			buildSettings = {
				BUNDLE_LOADER = "$(TEST_HOST)";
				INFOPLIST_FILE = TCValidationDemoTests/Info.plist;
				LD_RUNPATH_SEARCH_PATHS = "$(inherited) @executable_path/Frameworks @loader_path/Frameworks";
				PRODUCT_BUNDLE_IDENTIFIER = com.gulek.tcvalidation.TCValidationDemoTests;
				PRODUCT_NAME = TCValidationDemo;
				TEST_HOST = "$(BUILT_PRODUCTS_DIR)/TCValidationDemo.app/TCValidationDemo";
			};
			name = Release;
		};
/* End XCBuildConfiguration section */

/* Begin XCConfigurationList section */
		ECBEEE481E1E5C8100B7DBA0 /* Build configuration list for PBXProject "TCValidationDemo" */ = {
			isa = XCConfigurationList;
			buildConfigurations = (
				ECBEEE6D1E1E5C8100B7DBA0 /* Debug */,
				ECBEEE6E1E1E5C8100B7DBA0 /* Release */,
			);
			defaultConfigurationIsVisible = 0;
			defaultConfigurationName = Release;
		};
		ECBEEE6F1E1E5C8100B7DBA0 /* Build configuration list for PBXNativeTarget "TCValidationDemo" */ = {
			isa = XCConfigurationList;
			buildConfigurations = (
				ECBEEE701E1E5C8100B7DBA0 /* Debug */,
				ECBEEE711E1E5C8100B7DBA0 /* Release */,
			);
			defaultConfigurationIsVisible = 0;
			defaultConfigurationName = Release;
		};
		ECBEEE721E1E5C8100B7DBA0 /* Build configuration list for PBXNativeTarget "TCValidationDemoTests" */ = {
			isa = XCConfigurationList;
			buildConfigurations = (
				ECBEEE731E1E5C8100B7DBA0 /* Debug */,
				ECBEEE741E1E5C8100B7DBA0 /* Release */,
			);
			defaultConfigurationIsVisible = 0;
			defaultConfigurationName = Release;
		};
/* End XCConfigurationList section */
	};
	rootObject = ECBEEE451E1E5C8100B7DBA0 /* Project object */;
}
